
Microsoft Visual Studio Solution File, Format Version 12.00
# Visual Studio Version 17
VisualStudioVersion = 17.3.32901.215
MinimumVisualStudioVersion = 10.0.40219.1
Project("{9A19103F-16F7-4668-BE54-9A1E7A4F7556}") = "Mind Meld", "Mind Meld\Mind Meld.csproj", "{3A025CB6-C81A-48A9-A099-EDE5AEC2B6EF}"
EndProject
Global
	GlobalSection(SolutionConfigurationPlatforms) = preSolution
		Debug|Any CPU = Debug|Any CPU
		Release|Any CPU = Release|Any CPU
	EndGlobalSection
	GlobalSection(ProjectConfigurationPlatforms) = postSolution
		{3A025CB6-C81A-48A9-A099-EDE5AEC2B6EF}.Debug|Any CPU.ActiveCfg = Debug|Any CPU
		{3A025CB6-C81A-48A9-A099-EDE5AEC2B6EF}.Debug|Any CPU.Build.0 = Debug|Any CPU
		{3A025CB6-C81A-48A9-A099-EDE5AEC2B6EF}.Release|Any CPU.ActiveCfg = Release|Any CPU
		{3A025CB6-C81A-48A9-A099-EDE5AEC2B6EF}.Release|Any CPU.Build.0 = Release|Any CPU
	EndGlobalSection
	GlobalSection(SolutionProperties) = preSolution
		HideSolutionNode = FALSE
	EndGlobalSection
	GlobalSection(ExtensibilityGlobals) = postSolution
		SolutionGuid = {65477918-5D8B-4865-9CA5-9C5F1FB1F165}
	EndGlobalSection
EndGlobal
